// !$*UTF8*$!
{
	archiveVersion = 1;
	classes = {
	};
	objectVersion = 46;
	objects = {

/* Begin PBXBuildFile section */
		A95A343D1C88C849002D2104 /* AppDelegate.swift in Sources */ = {isa = PBXBuildFile; fileRef = A95A343C1C88C849002D2104 /* AppDelegate.swift */; };
		A95A343F1C88C849002D2104 /* ViewController.swift in Sources */ = {isa = PBXBuildFile; fileRef = A95A343E1C88C849002D2104 /* ViewController.swift */; };
		A95A34421C88C849002D2104 /* Main.storyboard in Resources */ = {isa = PBXBuildFile; fileRef = A95A34401C88C849002D2104 /* Main.storyboard */; };
		A95A34441C88C849002D2104 /* Assets.xcassets in Resources */ = {isa = PBXBuildFile; fileRef = A95A34431C88C849002D2104 /* Assets.xcassets */; };
		A95A34471C88C849002D2104 /* LaunchScreen.storyboard in Resources */ = {isa = PBXBuildFile; fileRef = A95A34451C88C849002D2104 /* LaunchScreen.storyboard */; };
/* End PBXBuildFile section */

/* Begin PBXFileReference section */
		A95A34391C88C849002D2104 /* Bombs.app */ = {isa = PBXFileReference; explicitFileType = wrapper.application; includeInIndex = 0; path = Bombs.app; sourceTree = BUILT_PRODUCTS_DIR; };
		A95A343C1C88C849002D2104 /* AppDelegate.swift */ = {isa = PBXFileReference; lastKnownFileType = sourcecode.swift; path = AppDelegate.swift; sourceTree = "<group>"; };
		A95A343E1C88C849002D2104 /* ViewController.swift */ = {isa = PBXFileReference; lastKnownFileType = sourcecode.swift; path = ViewController.swift; sourceTree = "<group>"; };
		A95A34411C88C849002D2104 /* Base */ = {isa = PBXFileReference; lastKnownFileType = file.storyboard; name = Base; path = Base.lproj/Main.storyboard; sourceTree = "<group>"; };
		A95A34431C88C849002D2104 /* Assets.xcassets */ = {isa = PBXFileReference; lastKnownFileType = folder.assetcatalog; path = Assets.xcassets; sourceTree = "<group>"; };
		A95A34461C88C849002D2104 /* Base */ = {isa = PBXFileReference; lastKnownFileType = file.storyboard; name = Base; path = Base.lproj/LaunchScreen.storyboard; sourceTree = "<group>"; };
		A95A34481C88C849002D2104 /* Info.plist */ = {isa = PBXFileReference; lastKnownFileType = text.plist.xml; path = Info.plist; sourceTree = "<group>"; };
/* End PBXFileReference section */

/* Begin PBXFrameworksBuildPhase section */
		A95A34361C88C849002D2104 /* Frameworks */ = {
			isa = PBXFrameworksBuildPhase;
			buildActionMask = 2147483647;
			files = (
			);
			runOnlyForDeploymentPostprocessing = 0;
		};
/* End PBXFrameworksBuildPhase section */

/* Begin PBXGroup section */
		A95A34301C88C849002D2104 = {
			isa = PBXGroup;
			children = (
				A95A343B1C88C849002D2104 /* Bombs */,
				A95A343A1C88C849002D2104 /* Products */,
			);
			sourceTree = "<group>";
		};
		A95A343A1C88C849002D2104 /* Products */ = {
			isa = PBXGroup;
			children = (
				A95A34391C88C849002D2104 /* Bombs.app */,
			);
			name = Products;
			sourceTree = "<group>";
		};
		A95A343B1C88C849002D2104 /* Bombs */ = {
			isa = PBXGroup;
			children = (
				A95A343C1C88C849002D2104 /* AppDelegate.swift */,
				A95A343E1C88C849002D2104 /* ViewController.swift */,
				A95A34401C88C849002D2104 /* Main.storyboard */,
				A95A34431C88C849002D2104 /* Assets.xcassets */,
				A95A34451C88C849002D2104 /* LaunchScreen.storyboard */,
				A95A34481C88C849002D2104 /* Info.plist */,
			);
			path = Bombs;
			sourceTree = "<group>";
		};
/* End PBXGroup section */

/* Begin PBXNativeTarget section */
		A95A34381C88C849002D2104 /* Bombs */ = {
			isa = PBXNativeTarget;
			buildConfigurationList = A95A344B1C88C849002D2104 /* Build configuration list for PBXNativeTarget "Bombs" */;
			buildPhases = (
				A95A34351C88C849002D2104 /* Sources */,
				A95A34361C88C849002D2104 /* Frameworks */,
				A95A34371C88C849002D2104 /* Resources */,
			);
			buildRules = (
			);
			dependencies = (
			);
			name = Bombs;
			productName = Bombs;
			productReference = A95A34391C88C849002D2104 /* Bombs.app */;
			productType = "com.apple.product-type.application";
		};
/* End PBXNativeTarget section */

/* Begin PBXProject section */
		A95A34311C88C849002D2104 /* Project object */ = {
			isa = PBXProject;
			attributes = {
				LastSwiftUpdateCheck = 0720;
				LastUpgradeCheck = 0720;
				ORGANIZATIONNAME = "Alejandro Nanez";
				TargetAttributes = {
					A95A34381C88C849002D2104 = {
						CreatedOnToolsVersion = 7.2.1;
						DevelopmentTeam = BVFQD98M83;
					};
				};
			};
			buildConfigurationList = A95A34341C88C849002D2104 /* Build configuration list for PBXProject "Bombs" */;
			compatibilityVersion = "Xcode 3.2";
			developmentRegion = English;
			hasScannedForEncodings = 0;
			knownRegions = (
				en,
				Base,
			);
			mainGroup = A95A34301C88C849002D2104;
			productRefGroup = A95A343A1C88C849002D2104 /* Products */;
			projectDirPath = "";
			projectRoot = "";
			targets = (
				A95A34381C88C849002D2104 /* Bombs */,
			);
		};
/* End PBXProject section */

/* Begin PBXResourcesBuildPhase section */
		A95A34371C88C849002D2104 /* Resources */ = {
			isa = PBXResourcesBuildPhase;
			buildActionMask = 2147483647;
			files = (
				A95A34471C88C849002D2104 /* LaunchScreen.storyboard in Resources */,
				A95A34441C88C849002D2104 /* Assets.xcassets in Resources */,
				A95A34421C88C849002D2104 /* Main.storyboard in Resources */,
			);
			runOnlyForDeploymentPostprocessing = 0;
		};
/* End PBXResourcesBuildPhase section */

/* Begin PBXSourcesBuildPhase section */
		A95A34351C88C849002D2104 /* Sources */ = {
			isa = PBXSourcesBuildPhase;
			buildActionMask = 2147483647;
			files = (
				A95A343F1C88C849002D2104 /* ViewController.swift in Sources */,
				A95A343D1C88C849002D2104 /* AppDelegate.swift in Sources */,
			);
			runOnlyForDeploymentPostprocessing = 0;
		};
/* End PBXSourcesBuildPhase section */

/* Begin PBXVariantGroup section */
		A95A34401C88C849002D2104 /* Main.storyboard */ = {
			isa = PBXVariantGroup;
			children = (
				A95A34411C88C849002D2104 /* Base */,
			);
			name = Main.storyboard;
			sourceTree = "<group>";
		};
		A95A34451C88C849002D2104 /* LaunchScreen.storyboard */ = {
			isa = PBXVariantGroup;
			children = (
				A95A34461C88C849002D2104 /* Base */,
			);
			name = LaunchScreen.storyboard;
			sourceTree = "<group>";
		};
/* End PBXVariantGroup section */

/* Begin XCBuildConfiguration section */
		A95A34491C88C849002D2104 /* Debug */ = {
			isa = XCBuildConfiguration;
			buildSettings = {
				ALWAYS_SEARCH_USER_PATHS = NO;
				CLANG_CXX_LANGUAGE_STANDARD = "gnu++0x";
				CLANG_CXX_LIBRARY = "libc++";
				CLANG_ENABLE_MODULES = YES;
				CLANG_ENABLE_OBJC_ARC = YES;
				CLANG_WARN_BOOL_CONVERSION = YES;
				CLANG_WARN_CONSTANT_CONVERSION = YES;
				CLANG_WARN_DIRECT_OBJC_ISA_USAGE = YES_ERROR;
				CLANG_WARN_EMPTY_BODY = YES;
				CLANG_WARN_ENUM_CONVERSION = YES;
				CLANG_WARN_INT_CONVERSION = YES;
				CLANG_WARN_OBJC_ROOT_CLASS = YES_ERROR;
				CLANG_WARN_UNREACHABLE_CODE = YES;
				CLANG_WARN__DUPLICATE_METHOD_MATCH = YES;
				"CODE_SIGN_IDENTITY[sdk=iphoneos*]" = "iPhone Developer";
				COPY_PHASE_STRIP = NO;
				DEBUG_INFORMATION_FORMAT = dwarf;
				ENABLE_STRICT_OBJC_MSGSEND = YES;
				ENABLE_TESTABILITY = YES;
				GCC_C_LANGUAGE_STANDARD = gnu99;
				GCC_DYNAMIC_NO_PIC = NO;
				GCC_NO_COMMON_BLOCKS = YES;
				GCC_OPTIMIZATION_LEVEL = 0;
				GCC_PREPROCESSOR_DEFINITIONS = (
					"DEBUG=1",
					"$(inherited)",
				);
				GCC_WARN_64_TO_32_BIT_CONVERSION = YES;
				GCC_WARN_ABOUT_RETURN_TYPE = YES_ERROR;
				GCC_WARN_UNDECLARED_SELECTOR = YES;
				GCC_WARN_UNINITIALIZED_AUTOS = YES_AGGRESSIVE;
				GCC_WARN_UNUSED_FUNCTION = YES;
				GCC_WARN_UNUSED_VARIABLE = YES;
				IPHONEOS_DEPLOYMENT_TARGET = 9.2;
				MTL_ENABLE_DEBUG_INFO = YES;
				ONLY_ACTIVE_ARCH = YES;
				SDKROOT = iphoneos;
				SWIFT_OPTIMIZATION_LEVEL = "-Onone";
			};
			name = Debug;
		};
		A95A344A1C88C849002D2104 /* Release */ = {
			isa = XCBuildConfiguration;
			buildSettings = {
				ALWAYS_SEARCH_USER_PATHS = NO;
				CLANG_CXX_LANGUAGE_STANDARD = "gnu++0x";
				CLANG_CXX_LIBRARY = "libc++";
				CLANG_ENABLE_MODULES = YES;
				CLANG_ENABLE_OBJC_ARC = YES;
				CLANG_WARN_BOOL_CONVERSION = YES;
				CLANG_WARN_CONSTANT_CONVERSION = YES;
				CLANG_WARN_DIRECT_OBJC_ISA_USAGE = YES_ERROR;
				CLANG_WARN_EMPTY_BODY = YES;
				CLANG_WARN_ENUM_CONVERSION = YES;
				CLANG_WARN_INT_CONVERSION = YES;
				CLANG_WARN_OBJC_ROOT_CLASS = YES_ERROR;
				CLANG_WARN_UNREACHABLE_CODE = YES;
				CLANG_WARN__DUPLICATE_METHOD_MATCH = YES;
				"CODE_SIGN_IDENTITY[sdk=iphoneos*]" = "iPhone Developer";
				COPY_PHASE_STRIP = NO;
				DEBUG_INFORMATION_FORMAT = "dwarf-with-dsym";
				ENABLE_NS_ASSERTIONS = NO;
				ENABLE_STRICT_OBJC_MSGSEND = YES;
				GCC_C_LANGUAGE_STANDARD = gnu99;
				GCC_NO_COMMON_BLOCKS = YES;
				GCC_WARN_64_TO_32_BIT_CONVERSION = YES;
				GCC_WARN_ABOUT_RETURN_TYPE = YES_ERROR;
				GCC_WARN_UNDECLARED_SELECTOR = YES;
				GCC_WARN_UNINITIALIZED_AUTOS = YES_AGGRESSIVE;
				GCC_WARN_UNUSED_FUNCTION = YES;
				GCC_WARN_UNUSED_VARIABLE = YES;
				IPHONEOS_DEPLOYMENT_TARGET = 9.2;
				MTL_ENABLE_DEBUG_INFO = NO;
				SDKROOT = iphoneos;
				VALIDATE_PRODUCT = YES;
			};
			name = Release;
		};
		A95A344C1C88C849002D2104 /* Debug */ = {
			isa = XCBuildConfiguration;
			buildSettings = {
				ASSETCATALOG_COMPILER_APPICON_NAME = AppIcon;
				INFOPLIST_FILE = Bombs/Info.plist;
				LD_RUNPATH_SEARCH_PATHS = "$(inherited) @executable_path/Frameworks";
				PRODUCT_BUNDLE_IDENTIFIER = com.alejandronanez.Bombs;
				PRODUCT_NAME = "$(TARGET_NAME)";
			};
			name = Debug;
		};
		A95A344D1C88C849002D2104 /* Release */ = {
			isa = XCBuildConfiguration;
			buildSettings = {
				ASSETCATALOG_COMPILER_APPICON_NAME = AppIcon;
				INFOPLIST_FILE = Bombs/Info.plist;
				LD_RUNPATH_SEARCH_PATHS = "$(inherited) @executable_path/Frameworks";
				PRODUCT_BUNDLE_IDENTIFIER = com.alejandronanez.Bombs;
				PRODUCT_NAME = "$(TARGET_NAME)";
			};
			name = Release;
		};
/* End XCBuildConfiguration section */

/* Begin XCConfigurationList section */
		A95A34341C88C849002D2104 /* Build configuration list for PBXProject "Bombs" */ = {
			isa = XCConfigurationList;
			buildConfigurations = (
				A95A34491C88C849002D2104 /* Debug */,
				A95A344A1C88C849002D2104 /* Release */,
			);
			defaultConfigurationIsVisible = 0;
			defaultConfigurationName = Release;
		};
		A95A344B1C88C849002D2104 /* Build configuration list for PBXNativeTarget "Bombs" */ = {
			isa = XCConfigurationList;
			buildConfigurations = (
				A95A344C1C88C849002D2104 /* Debug */,
				A95A344D1C88C849002D2104 /* Release */,
			);
			defaultConfigurationIsVisible = 0;
		};
/* End XCConfigurationList section */
	};
	rootObject = A95A34311C88C849002D2104 /* Project object */;
}
